<?xml version="1.0" encoding="utf-8"?>
<Project ToolsVersion="4.0" xmlns="http://schemas.microsoft.com/developer/msbuild/2003">
  <ItemGroup>
    <Filter Include="Source Files">
      <UniqueIdentifier>{4FC737F1-C7A5-4376-A066-2A32D752A2FF}</UniqueIdentifier>
      <Extensions>cpp;c;cc;cxx;c++;cppm;ixx;def;odl;idl;hpj;bat;asm;asmx</Extensions>
    </Filter>
    <Filter Include="Header Files">
      <UniqueIdentifier>{93995380-89BD-4b04-88EB-625FBE52EBFB}</UniqueIdentifier>
      <Extensions>h;hh;hpp;hxx;h++;hm;inl;inc;ipp;xsd</Extensions>
    </Filter>
    <Filter Include="Resource Files">
      <UniqueIdentifier>{67DA6AB6-F800-4c08-8B7A-83BB121AAD01}</UniqueIdentifier>
      <Extensions>rc;ico;cur;bmp;dlg;rc2;rct;bin;rgs;gif;jpg;jpeg;jpe;resx;tiff;tif;png;wav;mfcribbon-ms</Extensions>
    </Filter>
    <Filter Include="DynamicProgramming">
      <UniqueIdentifier>{4822b4c1-02a9-4fde-b868-af5919af5d7b}</UniqueIdentifier>
    </Filter>
  </ItemGroup>
  <ItemGroup>
    <ClCompile Include="AlgoPractice.cpp">
      <Filter>Source Files</Filter>
    </ClCompile>
  </ItemGroup>
  <ItemGroup>
    <ClInclude Include="SlidingWindow.h">
      <Filter>Header Files</Filter>
    </ClInclude>
    <ClInclude Include="CombsAndPermuts.h">
      <Filter>DynamicProgramming</Filter>
    </ClInclude>
    <ClInclude Include="Sorting.h">
      <Filter>Header Files</Filter>
    </ClInclude>
    <ClInclude Include="BSearchTree.h">
      <Filter>Header Files</Filter>
    </ClInclude>
    <ClInclude Include="TwoPointers.h">
      <Filter>Header Files</Filter>
    </ClInclude>
    <ClInclude Include="FastNSlowPointer.h">
      <Filter>Header Files</Filter>
    </ClInclude>
    <ClInclude Include="NumberTheory.h">
      <Filter>Header Files</Filter>
    </ClInclude>
    <ClInclude Include="IntervalsScheduling.h">
      <Filter>Header Files</Filter>
    </ClInclude>
    <ClInclude Include="Helpers.h">
      <Filter>Header Files</Filter>
    </ClInclude>
    <ClInclude Include="InplaceLinkListReversal.h">
      <Filter>Header Files</Filter>
    </ClInclude>
    <ClInclude Include="BTreeDFS.h">
      <Filter>Header Files</Filter>
    </ClInclude>
    <ClInclude Include="BTreeLevelOrderTrv-BFS.h">
      <Filter>Header Files</Filter>
    </ClInclude>
    <ClInclude Include="CyclicSort.h">
      <Filter>Header Files</Filter>
    </ClInclude>
    <ClInclude Include="MedianOfStream.h">
      <Filter>Header Files</Filter>
    </ClInclude>
    <ClInclude Include="Subsets.h">
      <Filter>Header Files</Filter>
    </ClInclude>
    <ClInclude Include="MISC.h">
      <Filter>Header Files</Filter>
    </ClInclude>
    <ClInclude Include="BSearch.h">
      <Filter>Header Files</Filter>
    </ClInclude>
    <ClInclude Include="TopKNums_Heap.h">
      <Filter>Header Files</Filter>
    </ClInclude>
    <ClInclude Include="KSortedLists.h">
      <Filter>Header Files</Filter>
    </ClInclude>
    <ClInclude Include="DivideAndConquer.h">
      <Filter>Header Files</Filter>
    </ClInclude>
    <ClInclude Include="Hashtables.h">
      <Filter>Header Files</Filter>
    </ClInclude>
    <ClInclude Include="Knapsack.h">
      <Filter>DynamicProgramming</Filter>
    </ClInclude>
    <ClInclude Include="Fibonacci.h">
      <Filter>DynamicProgramming</Filter>
    </ClInclude>
    <ClInclude Include="PalindromeSubseq.h">
      <Filter>DynamicProgramming</Filter>
    </ClInclude>
    <ClInclude Include="LongestCommonSubString.h">
      <Filter>DynamicProgramming</Filter>
    </ClInclude>
    <ClInclude Include="GreedyAlgos.h">
      <Filter>Header Files</Filter>
    </ClInclude>
  </ItemGroup>
</Project>